{
  "name": "tashlemli",
  "version": "0.1.0",
  "lockfileVersion": 3,
  "requires": true,
  "packages": {
    "": {
      "name": "tashlemli",
      "version": "0.1.0",
      "dependencies": {
        "@ai-sdk/anthropic": "^3.0.79",
        "@monaco-editor/react": "^4.7.0",
        "@react-email/components": "^1.0.12",
        "@react-email/render": "^2.0.8",
        "@react-pdf/renderer": "^4.5.1",
        "@upstash/redis": "^1.38.0",
        "@vercel/blob": "^2.4.0",
        "ai": "^6.0.191",
        "clsx": "^2.1.1",
        "drizzle-orm": "^0.45.2",
        "jose": "^6.2.3",
        "mailparser": "^3.9.8",
        "motion": "^12.40.0",
        "next": "^16.2.6",
        "postgres": "^3.4.9",
        "react": "^19.2.6",
        "react-dom": "^19.2.6",
        "react-email": "^6.3.2",
        "resend": "^6.12.3",
        "sharp": "^0.34.5",
        "zod": "^4.4.3"
      },
      "devDependencies": {
        "@playwright/test": "^1.60.0",
        "@types/mailparser": "^3.4.6",
        "@types/node": "^22.0.0",
        "@types/pg": "^8.20.0",
        "@types/react": "^19.2.15",
        "@types/react-dom": "^19.0.0",
        "@vitest/ui": "^4.1.7",
        "autoprefixer": "^10.4.20",
        "dotenv-cli": "^11.0.0",
        "drizzle-kit": "^0.31.10",
        "postcss": "^8.5.15",
        "tailwindcss": "^3.4.17",
        "tsx": "^4.22.3",
        "typescript": "^5.7.2",
        "vitest": "^4.1.7"
      }
    }
  }
}
